// !$*UTF8*$!
{
	archiveVersion = 1;
	classes = {
	};
	objectVersion = 70;
	objects = {

/* Begin PBXBuildFile section */
		4004BA742CB7C3330062DC25 /* VideoTableCell.swift in Sources */ = {isa = PBXBuildFile; fileRef = 4004BA732CB7C3330062DC25 /* VideoTableCell.swift */; };
		4037DCFF2CCB90CE00EB374D /* FullScreenWebViewController.swift in Sources */ = {isa = PBXBuildFile; fileRef = 4037DCFE2CCB90CE00EB374D /* FullScreenWebViewController.swift */; };
		40579B492CB69C3B00405081 /* DetailView.swift in Sources */ = {isa = PBXBuildFile; fileRef = 40579B482CB69C3B00405081 /* DetailView.swift */; };
		40579B4B2CB69F0500405081 /* DetailViewController.swift in Sources */ = {isa = PBXBuildFile; fileRef = 40579B4A2CB69F0500405081 /* DetailViewController.swift */; };
		40579B4D2CB6B9D100405081 /* DetailViewModel.swift in Sources */ = {isa = PBXBuildFile; fileRef = 40579B4C2CB6B9D100405081 /* DetailViewModel.swift */; };
		4070FE8F2CC94CC300090110 /* UpcomingDetailViewController.swift in Sources */ = {isa = PBXBuildFile; fileRef = 4070FE8E2CC94CC300090110 /* UpcomingDetailViewController.swift */; };
		4070FE912CC95D7B00090110 /* SearchResultsViewController.swift in Sources */ = {isa = PBXBuildFile; fileRef = 4070FE902CC95D7B00090110 /* SearchResultsViewController.swift */; };
		4070FE942CC975FE00090110 /* YouTubeSearchResponse.swift in Sources */ = {isa = PBXBuildFile; fileRef = 4070FE932CC975FE00090110 /* YouTubeSearchResponse.swift */; };
		4070FE962CC9789100090110 /* TitlePreviewViewController.swift in Sources */ = {isa = PBXBuildFile; fileRef = 4070FE952CC9789100090110 /* TitlePreviewViewController.swift */; };
		4070FE982CC97ABB00090110 /* TitlePreviewViewModel.swift in Sources */ = {isa = PBXBuildFile; fileRef = 4070FE972CC97ABB00090110 /* TitlePreviewViewModel.swift */; };
		40758A9F2CD2B50000286641 /* UserProfileViewController.swift in Sources */ = {isa = PBXBuildFile; fileRef = 40758A9E2CD2B50000286641 /* UserProfileViewController.swift */; };
		40758AA12CD2B52000286641 /* UserProfileView.swift in Sources */ = {isa = PBXBuildFile; fileRef = 40758AA02CD2B52000286641 /* UserProfileView.swift */; };
		40835C202C7106D9006C2C34 /* SDWebImage in Frameworks */ = {isa = PBXBuildFile; productRef = 40835C1F2C7106D9006C2C34 /* SDWebImage */; };
		40835C222C7106D9006C2C34 /* SDWebImageMapKit in Frameworks */ = {isa = PBXBuildFile; productRef = 40835C212C7106D9006C2C34 /* SDWebImageMapKit */; };
		40BCD5D52C6CA05200EF3294 /* AppDelegate.swift in Sources */ = {isa = PBXBuildFile; fileRef = 40BCD5D42C6CA05200EF3294 /* AppDelegate.swift */; };
		40BCD5D72C6CA05200EF3294 /* SceneDelegate.swift in Sources */ = {isa = PBXBuildFile; fileRef = 40BCD5D62C6CA05200EF3294 /* SceneDelegate.swift */; };
		40BCD5DE2C6CA05300EF3294 /* Assets.xcassets in Resources */ = {isa = PBXBuildFile; fileRef = 40BCD5DD2C6CA05300EF3294 /* Assets.xcassets */; };
		40BCD5E12C6CA05300EF3294 /* Base in Resources */ = {isa = PBXBuildFile; fileRef = 40BCD5E02C6CA05300EF3294 /* Base */; };
		40BCD5F92C6CF46C00EF3294 /* CollectionViewTableViewCell.swift in Sources */ = {isa = PBXBuildFile; fileRef = 40BCD5F82C6CF46C00EF3294 /* CollectionViewTableViewCell.swift */; };
		40BCD5FB2C6D0AE100EF3294 /* HeroHeaderUIView.swift in Sources */ = {isa = PBXBuildFile; fileRef = 40BCD5FA2C6D0AE100EF3294 /* HeroHeaderUIView.swift */; };
		40BCD5FD2C6DF75E00EF3294 /* APICaller.swift in Sources */ = {isa = PBXBuildFile; fileRef = 40BCD5FC2C6DF75E00EF3294 /* APICaller.swift */; };
		40BCD5FF2C6DFC8900EF3294 /* Title.swift in Sources */ = {isa = PBXBuildFile; fileRef = 40BCD5FE2C6DFC8900EF3294 /* Title.swift */; };
		40BCD6012C6E04AC00EF3294 /* Extensions.swift in Sources */ = {isa = PBXBuildFile; fileRef = 40BCD6002C6E04AC00EF3294 /* Extensions.swift */; };
		40BCD6062C6E66BF00EF3294 /* TitleCollectionViewCell.swift in Sources */ = {isa = PBXBuildFile; fileRef = 40BCD6052C6E66BF00EF3294 /* TitleCollectionViewCell.swift */; };
		40CAB9EC2C8243BC0044BCBA /* TitleTableViewCell.swift in Sources */ = {isa = PBXBuildFile; fileRef = 40CAB9EB2C8243BC0044BCBA /* TitleTableViewCell.swift */; };
		40CAB9EE2C8248C00044BCBA /* TitleViewModel.swift in Sources */ = {isa = PBXBuildFile; fileRef = 40CAB9ED2C8248C00044BCBA /* TitleViewModel.swift */; };
		40DAA4652CD0BEBB00CB0786 /* WatchMovieController.swift in Sources */ = {isa = PBXBuildFile; fileRef = 40DAA4642CD0BEBA00CB0786 /* WatchMovieController.swift */; };
/* End PBXBuildFile section */

/* Begin PBXFileReference section */
		4004BA732CB7C3330062DC25 /* VideoTableCell.swift */ = {isa = PBXFileReference; lastKnownFileType = sourcecode.swift; path = VideoTableCell.swift; sourceTree = "<group>"; };
		4037DCFE2CCB90CE00EB374D /* FullScreenWebViewController.swift */ = {isa = PBXFileReference; lastKnownFileType = sourcecode.swift; path = FullScreenWebViewController.swift; sourceTree = "<group>"; };
		40579B482CB69C3B00405081 /* DetailView.swift */ = {isa = PBXFileReference; lastKnownFileType = sourcecode.swift; path = DetailView.swift; sourceTree = "<group>"; };
		40579B4A2CB69F0500405081 /* DetailViewController.swift */ = {isa = PBXFileReference; lastKnownFileType = sourcecode.swift; path = DetailViewController.swift; sourceTree = "<group>"; };
		40579B4C2CB6B9D100405081 /* DetailViewModel.swift */ = {isa = PBXFileReference; lastKnownFileType = sourcecode.swift; path = DetailViewModel.swift; sourceTree = "<group>"; };
		4070FE8E2CC94CC300090110 /* UpcomingDetailViewController.swift */ = {isa = PBXFileReference; lastKnownFileType = sourcecode.swift; path = UpcomingDetailViewController.swift; sourceTree = "<group>"; };
		4070FE902CC95D7B00090110 /* SearchResultsViewController.swift */ = {isa = PBXFileReference; lastKnownFileType = sourcecode.swift; path = SearchResultsViewController.swift; sourceTree = "<group>"; };
		4070FE932CC975FE00090110 /* YouTubeSearchResponse.swift */ = {isa = PBXFileReference; lastKnownFileType = sourcecode.swift; path = YouTubeSearchResponse.swift; sourceTree = "<group>"; };
		4070FE952CC9789100090110 /* TitlePreviewViewController.swift */ = {isa = PBXFileReference; lastKnownFileType = sourcecode.swift; path = TitlePreviewViewController.swift; sourceTree = "<group>"; };
		4070FE972CC97ABB00090110 /* TitlePreviewViewModel.swift */ = {isa = PBXFileReference; lastKnownFileType = sourcecode.swift; path = TitlePreviewViewModel.swift; sourceTree = "<group>"; };
		40758A9E2CD2B50000286641 /* UserProfileViewController.swift */ = {isa = PBXFileReference; lastKnownFileType = sourcecode.swift; path = UserProfileViewController.swift; sourceTree = "<group>"; };
		40758AA02CD2B52000286641 /* UserProfileView.swift */ = {isa = PBXFileReference; lastKnownFileType = sourcecode.swift; path = UserProfileView.swift; sourceTree = "<group>"; };
		40BCD5D12C6CA05200EF3294 /* Movier.app */ = {isa = PBXFileReference; explicitFileType = wrapper.application; includeInIndex = 0; path = Movier.app; sourceTree = BUILT_PRODUCTS_DIR; };
		40BCD5D42C6CA05200EF3294 /* AppDelegate.swift */ = {isa = PBXFileReference; lastKnownFileType = sourcecode.swift; path = AppDelegate.swift; sourceTree = "<group>"; };
		40BCD5D62C6CA05200EF3294 /* SceneDelegate.swift */ = {isa = PBXFileReference; lastKnownFileType = sourcecode.swift; path = SceneDelegate.swift; sourceTree = "<group>"; };
		40BCD5DD2C6CA05300EF3294 /* Assets.xcassets */ = {isa = PBXFileReference; lastKnownFileType = folder.assetcatalog; path = Assets.xcassets; sourceTree = "<group>"; };
		40BCD5E02C6CA05300EF3294 /* Base */ = {isa = PBXFileReference; lastKnownFileType = file.storyboard; name = Base; path = Base.lproj/LaunchScreen.storyboard; sourceTree = "<group>"; };
		40BCD5E22C6CA05300EF3294 /* Info.plist */ = {isa = PBXFileReference; lastKnownFileType = text.plist.xml; path = Info.plist; sourceTree = "<group>"; };
		40BCD5F82C6CF46C00EF3294 /* CollectionViewTableViewCell.swift */ = {isa = PBXFileReference; lastKnownFileType = sourcecode.swift; path = CollectionViewTableViewCell.swift; sourceTree = "<group>"; };
		40BCD5FA2C6D0AE100EF3294 /* HeroHeaderUIView.swift */ = {isa = PBXFileReference; lastKnownFileType = sourcecode.swift; path = HeroHeaderUIView.swift; sourceTree = "<group>"; };
		40BCD5FC2C6DF75E00EF3294 /* APICaller.swift */ = {isa = PBXFileReference; lastKnownFileType = sourcecode.swift; path = APICaller.swift; sourceTree = "<group>"; };
		40BCD5FE2C6DFC8900EF3294 /* Title.swift */ = {isa = PBXFileReference; lastKnownFileType = sourcecode.swift; path = Title.swift; sourceTree = "<group>"; };
		40BCD6002C6E04AC00EF3294 /* Extensions.swift */ = {isa = PBXFileReference; lastKnownFileType = sourcecode.swift; path = Extensions.swift; sourceTree = "<group>"; };
		40BCD6052C6E66BF00EF3294 /* TitleCollectionViewCell.swift */ = {isa = PBXFileReference; lastKnownFileType = sourcecode.swift; path = TitleCollectionViewCell.swift; sourceTree = "<group>"; };
		40CAB9EB2C8243BC0044BCBA /* TitleTableViewCell.swift */ = {isa = PBXFileReference; lastKnownFileType = sourcecode.swift; path = TitleTableViewCell.swift; sourceTree = "<group>"; };
		40CAB9ED2C8248C00044BCBA /* TitleViewModel.swift */ = {isa = PBXFileReference; lastKnownFileType = sourcecode.swift; path = TitleViewModel.swift; sourceTree = "<group>"; };
		40DAA4642CD0BEBA00CB0786 /* WatchMovieController.swift */ = {isa = PBXFileReference; lastKnownFileType = sourcecode.swift; path = WatchMovieController.swift; sourceTree = "<group>"; };
/* End PBXFileReference section */

/* Begin PBXFileSystemSynchronizedRootGroup section */
		4070FE922CC9688800090110 /* CoreFiles */ = {isa = PBXFileSystemSynchronizedRootGroup; explicitFileTypes = {}; explicitFolders = (); path = CoreFiles; sourceTree = "<group>"; };
/* End PBXFileSystemSynchronizedRootGroup section */

/* Begin PBXFrameworksBuildPhase section */
		40BCD5CE2C6CA05200EF3294 /* Frameworks */ = {
			isa = PBXFrameworksBuildPhase;
			buildActionMask = 2147483647;
			files = (
				40835C222C7106D9006C2C34 /* SDWebImageMapKit in Frameworks */,
				40835C202C7106D9006C2C34 /* SDWebImage in Frameworks */,
			);
			runOnlyForDeploymentPostprocessing = 0;
		};
/* End PBXFrameworksBuildPhase section */

/* Begin PBXGroup section */
		40BCD5C82C6CA05200EF3294 = {
			isa = PBXGroup;
			children = (
				40BCD5D32C6CA05200EF3294 /* Movier */,
				40BCD5D22C6CA05200EF3294 /* Products */,
			);
			sourceTree = "<group>";
		};
		40BCD5D22C6CA05200EF3294 /* Products */ = {
			isa = PBXGroup;
			children = (
				40BCD5D12C6CA05200EF3294 /* Movier.app */,
			);
			name = Products;
			sourceTree = "<group>";
		};
		40BCD5D32C6CA05200EF3294 /* Movier */ = {
			isa = PBXGroup;
			children = (
				40BCD5F72C6CF41700EF3294 /* Managers */,
				40BCD5F62C6CF40F00EF3294 /* Resources */,
				40BCD5F52C6CF3E500EF3294 /* Models */,
				40BCD5F42C6CF3C600EF3294 /* Views */,
				40BCD5F32C6CF3B500EF3294 /* ViewModels */,
				40BCD5E82C6CA51900EF3294 /* Controllers */,
				40BCD5D42C6CA05200EF3294 /* AppDelegate.swift */,
				40BCD5D62C6CA05200EF3294 /* SceneDelegate.swift */,
				40BCD5DD2C6CA05300EF3294 /* Assets.xcassets */,
				40BCD5DF2C6CA05300EF3294 /* LaunchScreen.storyboard */,
				40BCD5E22C6CA05300EF3294 /* Info.plist */,
			);
			path = Movier;
			sourceTree = "<group>";
		};
		40BCD5E82C6CA51900EF3294 /* Controllers */ = {
			isa = PBXGroup;
			children = (
				4070FE922CC9688800090110 /* CoreFiles */,
				40579B4A2CB69F0500405081 /* DetailViewController.swift */,
				4070FE8E2CC94CC300090110 /* UpcomingDetailViewController.swift */,
				4070FE902CC95D7B00090110 /* SearchResultsViewController.swift */,
				4070FE952CC9789100090110 /* TitlePreviewViewController.swift */,
				4037DCFE2CCB90CE00EB374D /* FullScreenWebViewController.swift */,
				40DAA4642CD0BEBA00CB0786 /* WatchMovieController.swift */,
				40758A9E2CD2B50000286641 /* UserProfileViewController.swift */,
			);
			path = Controllers;
			sourceTree = "<group>";
		};
		40BCD5F32C6CF3B500EF3294 /* ViewModels */ = {
			isa = PBXGroup;
			children = (
				40CAB9ED2C8248C00044BCBA /* TitleViewModel.swift */,
				40579B4C2CB6B9D100405081 /* DetailViewModel.swift */,
				4070FE972CC97ABB00090110 /* TitlePreviewViewModel.swift */,
			);
			path = ViewModels;
			sourceTree = "<group>";
		};
		40BCD5F42C6CF3C600EF3294 /* Views */ = {
			isa = PBXGroup;
			children = (
				40BCD5F82C6CF46C00EF3294 /* CollectionViewTableViewCell.swift */,
				40BCD5FA2C6D0AE100EF3294 /* HeroHeaderUIView.swift */,
				40BCD6052C6E66BF00EF3294 /* TitleCollectionViewCell.swift */,
				40CAB9EB2C8243BC0044BCBA /* TitleTableViewCell.swift */,
				40579B482CB69C3B00405081 /* DetailView.swift */,
				4004BA732CB7C3330062DC25 /* VideoTableCell.swift */,
				40758AA02CD2B52000286641 /* UserProfileView.swift */,
			);
			path = Views;
			sourceTree = "<group>";
		};
		40BCD5F52C6CF3E500EF3294 /* Models */ = {
			isa = PBXGroup;
			children = (
				40BCD5FE2C6DFC8900EF3294 /* Title.swift */,
				4070FE932CC975FE00090110 /* YouTubeSearchResponse.swift */,
			);
			path = Models;
			sourceTree = "<group>";
		};
		40BCD5F62C6CF40F00EF3294 /* Resources */ = {
			isa = PBXGroup;
			children = (
				40BCD6002C6E04AC00EF3294 /* Extensions.swift */,
			);
			path = Resources;
			sourceTree = "<group>";
		};
		40BCD5F72C6CF41700EF3294 /* Managers */ = {
			isa = PBXGroup;
			children = (
				40BCD5FC2C6DF75E00EF3294 /* APICaller.swift */,
			);
			path = Managers;
			sourceTree = "<group>";
		};
/* End PBXGroup section */

/* Begin PBXNativeTarget section */
		40BCD5D02C6CA05200EF3294 /* Movier */ = {
			isa = PBXNativeTarget;
			buildConfigurationList = 40BCD5E52C6CA05300EF3294 /* Build configuration list for PBXNativeTarget "Movier" */;
			buildPhases = (
				40BCD5CD2C6CA05200EF3294 /* Sources */,
				40BCD5CE2C6CA05200EF3294 /* Frameworks */,
				40BCD5CF2C6CA05200EF3294 /* Resources */,
			);
			buildRules = (
			);
			dependencies = (
			);
			fileSystemSynchronizedGroups = (
				4070FE922CC9688800090110 /* CoreFiles */,
			);
			name = Movier;
			packageProductDependencies = (
				40835C1F2C7106D9006C2C34 /* SDWebImage */,
				40835C212C7106D9006C2C34 /* SDWebImageMapKit */,
			);
			productName = Movier;
			productReference = 40BCD5D12C6CA05200EF3294 /* Movier.app */;
			productType = "com.apple.product-type.application";
		};
/* End PBXNativeTarget section */

/* Begin PBXProject section */
		40BCD5C92C6CA05200EF3294 /* Project object */ = {
			isa = PBXProject;
			attributes = {
				BuildIndependentTargetsInParallel = 1;
				LastSwiftUpdateCheck = 1540;
				LastUpgradeCheck = 1540;
				TargetAttributes = {
					40BCD5D02C6CA05200EF3294 = {
						CreatedOnToolsVersion = 15.4;
					};
				};
			};
			buildConfigurationList = 40BCD5CC2C6CA05200EF3294 /* Build configuration list for PBXProject " " */;
			compatibilityVersion = "Xcode 14.0";
			developmentRegion = en;
			hasScannedForEncodings = 0;
			knownRegions = (
				en,
				Base,
			);
			mainGroup = 40BCD5C82C6CA05200EF3294;
			packageReferences = (
				40BCD6082C6FAD8200EF3294 /* XCRemoteSwiftPackageReference "SDWebImage" */,
			);
			productRefGroup = 40BCD5D22C6CA05200EF3294 /* Products */;
			projectDirPath = "";
			projectRoot = "";
			targets = (
				40BCD5D02C6CA05200EF3294 /* Movier */,
			);
		};
/* End PBXProject section */

/* Begin PBXResourcesBuildPhase section */
		40BCD5CF2C6CA05200EF3294 /* Resources */ = {
			isa = PBXResourcesBuildPhase;
			buildActionMask = 2147483647;
			files = (
				40BCD5DE2C6CA05300EF3294 /* Assets.xcassets in Resources */,
				40BCD5E12C6CA05300EF3294 /* Base in Resources */,
			);
			runOnlyForDeploymentPostprocessing = 0;
		};
/* End PBXResourcesBuildPhase section */

/* Begin PBXSourcesBuildPhase section */
		40BCD5CD2C6CA05200EF3294 /* Sources */ = {
			isa = PBXSourcesBuildPhase;
			buildActionMask = 2147483647;
			files = (
				40CAB9EC2C8243BC0044BCBA /* TitleTableViewCell.swift in Sources */,
				40579B4B2CB69F0500405081 /* DetailViewController.swift in Sources */,
				4004BA742CB7C3330062DC25 /* VideoTableCell.swift in Sources */,
				4070FE942CC975FE00090110 /* YouTubeSearchResponse.swift in Sources */,
				4070FE912CC95D7B00090110 /* SearchResultsViewController.swift in Sources */,
				40BCD6062C6E66BF00EF3294 /* TitleCollectionViewCell.swift in Sources */,
				40BCD5F92C6CF46C00EF3294 /* CollectionViewTableViewCell.swift in Sources */,
				40758AA12CD2B52000286641 /* UserProfileView.swift in Sources */,
				40BCD5FD2C6DF75E00EF3294 /* APICaller.swift in Sources */,
				40DAA4652CD0BEBB00CB0786 /* WatchMovieController.swift in Sources */,
				40BCD5FB2C6D0AE100EF3294 /* HeroHeaderUIView.swift in Sources */,
				40BCD5D52C6CA05200EF3294 /* AppDelegate.swift in Sources */,
				40579B492CB69C3B00405081 /* DetailView.swift in Sources */,
				40BCD6012C6E04AC00EF3294 /* Extensions.swift in Sources */,
				40BCD5D72C6CA05200EF3294 /* SceneDelegate.swift in Sources */,
				40579B4D2CB6B9D100405081 /* DetailViewModel.swift in Sources */,
				4070FE982CC97ABB00090110 /* TitlePreviewViewModel.swift in Sources */,
				40758A9F2CD2B50000286641 /* UserProfileViewController.swift in Sources */,
				4037DCFF2CCB90CE00EB374D /* FullScreenWebViewController.swift in Sources */,
				4070FE8F2CC94CC300090110 /* UpcomingDetailViewController.swift in Sources */,
				4070FE962CC9789100090110 /* TitlePreviewViewController.swift in Sources */,
				40BCD5FF2C6DFC8900EF3294 /* Title.swift in Sources */,
				40CAB9EE2C8248C00044BCBA /* TitleViewModel.swift in Sources */,
			);
			runOnlyForDeploymentPostprocessing = 0;
		};
/* End PBXSourcesBuildPhase section */

/* Begin PBXVariantGroup section */
		40BCD5DF2C6CA05300EF3294 /* LaunchScreen.storyboard */ = {
			isa = PBXVariantGroup;
			children = (
				40BCD5E02C6CA05300EF3294 /* Base */,
			);
			name = LaunchScreen.storyboard;
			sourceTree = "<group>";
		};
/* End PBXVariantGroup section */

/* Begin XCBuildConfiguration section */
		40BCD5E32C6CA05300EF3294 /* Debug */ = {
			isa = XCBuildConfiguration;
			buildSettings = {
				ALWAYS_SEARCH_USER_PATHS = NO;
				ASSETCATALOG_COMPILER_GENERATE_SWIFT_ASSET_SYMBOL_EXTENSIONS = YES;
				CLANG_ANALYZER_NONNULL = YES;
				CLANG_ANALYZER_NUMBER_OBJECT_CONVERSION = YES_AGGRESSIVE;
				CLANG_CXX_LANGUAGE_STANDARD = "gnu++20";
				CLANG_ENABLE_MODULES = YES;
				CLANG_ENABLE_OBJC_ARC = YES;
				CLANG_ENABLE_OBJC_WEAK = YES;
				CLANG_WARN_BLOCK_CAPTURE_AUTORELEASING = YES;
				CLANG_WARN_BOOL_CONVERSION = YES;
				CLANG_WARN_COMMA = YES;
				CLANG_WARN_CONSTANT_CONVERSION = YES;
				CLANG_WARN_DEPRECATED_OBJC_IMPLEMENTATIONS = YES;
				CLANG_WARN_DIRECT_OBJC_ISA_USAGE = YES_ERROR;
				CLANG_WARN_DOCUMENTATION_COMMENTS = YES;
				CLANG_WARN_EMPTY_BODY = YES;
				CLANG_WARN_ENUM_CONVERSION = YES;
				CLANG_WARN_INFINITE_RECURSION = YES;
				CLANG_WARN_INT_CONVERSION = YES;
				CLANG_WARN_NON_LITERAL_NULL_CONVERSION = YES;
				CLANG_WARN_OBJC_IMPLICIT_RETAIN_SELF = YES;
				CLANG_WARN_OBJC_LITERAL_CONVERSION = YES;
				CLANG_WARN_OBJC_ROOT_CLASS = YES_ERROR;
				CLANG_WARN_QUOTED_INCLUDE_IN_FRAMEWORK_HEADER = YES;
				CLANG_WARN_RANGE_LOOP_ANALYSIS = YES;
				CLANG_WARN_STRICT_PROTOTYPES = YES;
				CLANG_WARN_SUSPICIOUS_MOVE = YES;
				CLANG_WARN_UNGUARDED_AVAILABILITY = YES_AGGRESSIVE;
				CLANG_WARN_UNREACHABLE_CODE = YES;
				CLANG_WARN__DUPLICATE_METHOD_MATCH = YES;
				COPY_PHASE_STRIP = NO;
				DEBUG_INFORMATION_FORMAT = dwarf;
				ENABLE_STRICT_OBJC_MSGSEND = YES;
				ENABLE_TESTABILITY = YES;
				ENABLE_USER_SCRIPT_SANDBOXING = YES;
				GCC_C_LANGUAGE_STANDARD = gnu17;
				GCC_DYNAMIC_NO_PIC = NO;
				GCC_NO_COMMON_BLOCKS = YES;
				GCC_OPTIMIZATION_LEVEL = 0;
				GCC_PREPROCESSOR_DEFINITIONS = (
					"DEBUG=1",
					"$(inherited)",
				);
				GCC_WARN_64_TO_32_BIT_CONVERSION = YES;
				GCC_WARN_ABOUT_RETURN_TYPE = YES_ERROR;
				GCC_WARN_UNDECLARED_SELECTOR = YES;
				GCC_WARN_UNINITIALIZED_AUTOS = YES_AGGRESSIVE;
				GCC_WARN_UNUSED_FUNCTION = YES;
				GCC_WARN_UNUSED_VARIABLE = YES;
				IPHONEOS_DEPLOYMENT_TARGET = 17.0;
				LOCALIZATION_PREFERS_STRING_CATALOGS = YES;
				MTL_ENABLE_DEBUG_INFO = INCLUDE_SOURCE;
				MTL_FAST_MATH = YES;
				ONLY_ACTIVE_ARCH = YES;
				SDKROOT = iphoneos;
				SWIFT_ACTIVE_COMPILATION_CONDITIONS = "DEBUG $(inherited)";
				SWIFT_OPTIMIZATION_LEVEL = "-Onone";
			};
			name = Debug;
		};
		40BCD5E42C6CA05300EF3294 /* Release */ = {
			isa = XCBuildConfiguration;
			buildSettings = {
				ALWAYS_SEARCH_USER_PATHS = NO;
				ASSETCATALOG_COMPILER_GENERATE_SWIFT_ASSET_SYMBOL_EXTENSIONS = YES;
				CLANG_ANALYZER_NONNULL = YES;
				CLANG_ANALYZER_NUMBER_OBJECT_CONVERSION = YES_AGGRESSIVE;
				CLANG_CXX_LANGUAGE_STANDARD = "gnu++20";
				CLANG_ENABLE_MODULES = YES;
				CLANG_ENABLE_OBJC_ARC = YES;
				CLANG_ENABLE_OBJC_WEAK = YES;
				CLANG_WARN_BLOCK_CAPTURE_AUTORELEASING = YES;
				CLANG_WARN_BOOL_CONVERSION = YES;
				CLANG_WARN_COMMA = YES;
				CLANG_WARN_CONSTANT_CONVERSION = YES;
				CLANG_WARN_DEPRECATED_OBJC_IMPLEMENTATIONS = YES;
				CLANG_WARN_DIRECT_OBJC_ISA_USAGE = YES_ERROR;
				CLANG_WARN_DOCUMENTATION_COMMENTS = YES;
				CLANG_WARN_EMPTY_BODY = YES;
				CLANG_WARN_ENUM_CONVERSION = YES;
				CLANG_WARN_INFINITE_RECURSION = YES;
				CLANG_WARN_INT_CONVERSION = YES;
				CLANG_WARN_NON_LITERAL_NULL_CONVERSION = YES;
				CLANG_WARN_OBJC_IMPLICIT_RETAIN_SELF = YES;
				CLANG_WARN_OBJC_LITERAL_CONVERSION = YES;
				CLANG_WARN_OBJC_ROOT_CLASS = YES_ERROR;
				CLANG_WARN_QUOTED_INCLUDE_IN_FRAMEWORK_HEADER = YES;
				CLANG_WARN_RANGE_LOOP_ANALYSIS = YES;
				CLANG_WARN_STRICT_PROTOTYPES = YES;
				CLANG_WARN_SUSPICIOUS_MOVE = YES;
				CLANG_WARN_UNGUARDED_AVAILABILITY = YES_AGGRESSIVE;
				CLANG_WARN_UNREACHABLE_CODE = YES;
				CLANG_WARN__DUPLICATE_METHOD_MATCH = YES;
				COPY_PHASE_STRIP = NO;
				DEBUG_INFORMATION_FORMAT = "dwarf-with-dsym";
				ENABLE_NS_ASSERTIONS = NO;
				ENABLE_STRICT_OBJC_MSGSEND = YES;
				ENABLE_USER_SCRIPT_SANDBOXING = YES;
				GCC_C_LANGUAGE_STANDARD = gnu17;
				GCC_NO_COMMON_BLOCKS = YES;
				GCC_WARN_64_TO_32_BIT_CONVERSION = YES;
				GCC_WARN_ABOUT_RETURN_TYPE = YES_ERROR;
				GCC_WARN_UNDECLARED_SELECTOR = YES;
				GCC_WARN_UNINITIALIZED_AUTOS = YES_AGGRESSIVE;
				GCC_WARN_UNUSED_FUNCTION = YES;
				GCC_WARN_UNUSED_VARIABLE = YES;
				IPHONEOS_DEPLOYMENT_TARGET = 17.0;
				LOCALIZATION_PREFERS_STRING_CATALOGS = YES;
				MTL_ENABLE_DEBUG_INFO = NO;
				MTL_FAST_MATH = YES;
				SDKROOT = iphoneos;
				SWIFT_COMPILATION_MODE = wholemodule;
				VALIDATE_PRODUCT = YES;
			};
			name = Release;
		};
		40BCD5E62C6CA05300EF3294 /* Debug */ = {
			isa = XCBuildConfiguration;
			buildSettings = {
				ASSETCATALOG_COMPILER_APPICON_NAME = AppIcon;
				ASSETCATALOG_COMPILER_GLOBAL_ACCENT_COLOR_NAME = AccentColor;
				CODE_SIGN_STYLE = Automatic;
				CURRENT_PROJECT_VERSION = 1;
				DEVELOPMENT_TEAM = DBJA4C8J9Z;
				GENERATE_INFOPLIST_FILE = YES;
				INFOPLIST_FILE = Movier/Info.plist;
				INFOPLIST_KEY_UIApplicationSupportsIndirectInputEvents = YES;
				INFOPLIST_KEY_UILaunchStoryboardName = LaunchScreen;
				INFOPLIST_KEY_UIStatusBarStyle = "";
				INFOPLIST_KEY_UISupportedInterfaceOrientations_iPad = "UIInterfaceOrientationPortrait UIInterfaceOrientationPortraitUpsideDown UIInterfaceOrientationLandscapeLeft UIInterfaceOrientationLandscapeRight";
				INFOPLIST_KEY_UISupportedInterfaceOrientations_iPhone = "UIInterfaceOrientationPortrait UIInterfaceOrientationLandscapeLeft UIInterfaceOrientationLandscapeRight";
				LD_RUNPATH_SEARCH_PATHS = (
					"$(inherited)",
					"@executable_path/Frameworks",
				);
				MARKETING_VERSION = 1.0;
				PRODUCT_BUNDLE_IDENTIFIER = com.martinesite.Movier;
				PRODUCT_NAME = "$(TARGET_NAME)";
				SWIFT_EMIT_LOC_STRINGS = YES;
				SWIFT_VERSION = 5.0;
				TARGETED_DEVICE_FAMILY = "1,2";
			};
			name = Debug;
		};
		40BCD5E72C6CA05300EF3294 /* Release */ = {
			isa = XCBuildConfiguration;
			buildSettings = {
				ASSETCATALOG_COMPILER_APPICON_NAME = AppIcon;
				ASSETCATALOG_COMPILER_GLOBAL_ACCENT_COLOR_NAME = AccentColor;
				CODE_SIGN_STYLE = Automatic;
				CURRENT_PROJECT_VERSION = 1;
				DEVELOPMENT_TEAM = DBJA4C8J9Z;
				GENERATE_INFOPLIST_FILE = YES;
				INFOPLIST_FILE = Movier/Info.plist;
				INFOPLIST_KEY_UIApplicationSupportsIndirectInputEvents = YES;
				INFOPLIST_KEY_UILaunchStoryboardName = LaunchScreen;
				INFOPLIST_KEY_UIStatusBarStyle = "";
				INFOPLIST_KEY_UISupportedInterfaceOrientations_iPad = "UIInterfaceOrientationPortrait UIInterfaceOrientationPortraitUpsideDown UIInterfaceOrientationLandscapeLeft UIInterfaceOrientationLandscapeRight";
				INFOPLIST_KEY_UISupportedInterfaceOrientations_iPhone = "UIInterfaceOrientationPortrait UIInterfaceOrientationLandscapeLeft UIInterfaceOrientationLandscapeRight";
				LD_RUNPATH_SEARCH_PATHS = (
					"$(inherited)",
					"@executable_path/Frameworks",
				);
				MARKETING_VERSION = 1.0;
				PRODUCT_BUNDLE_IDENTIFIER = com.martinesite.Movier;
				PRODUCT_NAME = "$(TARGET_NAME)";
				SWIFT_EMIT_LOC_STRINGS = YES;
				SWIFT_VERSION = 5.0;
				TARGETED_DEVICE_FAMILY = "1,2";
			};
			name = Release;
		};
/* End XCBuildConfiguration section */

/* Begin XCConfigurationList section */
		40BCD5CC2C6CA05200EF3294 /* Build configuration list for PBXProject " " */ = {
			isa = XCConfigurationList;
			buildConfigurations = (
				40BCD5E32C6CA05300EF3294 /* Debug */,
				40BCD5E42C6CA05300EF3294 /* Release */,
			);
			defaultConfigurationIsVisible = 0;
			defaultConfigurationName = Release;
		};
		40BCD5E52C6CA05300EF3294 /* Build configuration list for PBXNativeTarget "Movier" */ = {
			isa = XCConfigurationList;
			buildConfigurations = (
				40BCD5E62C6CA05300EF3294 /* Debug */,
				40BCD5E72C6CA05300EF3294 /* Release */,
			);
			defaultConfigurationIsVisible = 0;
			defaultConfigurationName = Release;
		};
/* End XCConfigurationList section */

/* Begin XCRemoteSwiftPackageReference section */
		40BCD6082C6FAD8200EF3294 /* XCRemoteSwiftPackageReference "SDWebImage" */ = {
			isa = XCRemoteSwiftPackageReference;
			repositoryURL = "https://github.com/SDWebImage/SDWebImage.git";
			requirement = {
				branch = master;
				kind = branch;
			};
		};
/* End XCRemoteSwiftPackageReference section */

/* Begin XCSwiftPackageProductDependency section */
		40835C1F2C7106D9006C2C34 /* SDWebImage */ = {
			isa = XCSwiftPackageProductDependency;
			package = 40BCD6082C6FAD8200EF3294 /* XCRemoteSwiftPackageReference "SDWebImage" */;
			productName = SDWebImage;
		};
		40835C212C7106D9006C2C34 /* SDWebImageMapKit */ = {
			isa = XCSwiftPackageProductDependency;
			package = 40BCD6082C6FAD8200EF3294 /* XCRemoteSwiftPackageReference "SDWebImage" */;
			productName = SDWebImageMapKit;
		};
/* End XCSwiftPackageProductDependency section */
	};
	rootObject = 40BCD5C92C6CA05200EF3294 /* Project object */;
}
